
Microsoft Visual Studio Solution File, Format Version 12.00
# Visual Studio Version 17
VisualStudioVersion = 17.4.33213.308
MinimumVisualStudioVersion = 10.0.40219.1
Project("{9A19103F-16F7-4668-BE54-9A1E7A4F7556}") = "ProjetoUNIVESP", "ProjetoUNIVESP.csproj", "{5F6D2544-3C7B-4DF5-80E2-B36C550717BF}"
EndProject
Global
	GlobalSection(SolutionConfigurationPlatforms) = preSolution
		Debug|Any CPU = Debug|Any CPU
		Release|Any CPU = Release|Any CPU
	EndGlobalSection
	GlobalSection(ProjectConfigurationPlatforms) = postSolution
		{5F6D2544-3C7B-4DF5-80E2-B36C550717BF}.Debug|Any CPU.ActiveCfg = Debug|Any CPU
		{5F6D2544-3C7B-4DF5-80E2-B36C550717BF}.Debug|Any CPU.Build.0 = Debug|Any CPU
		{5F6D2544-3C7B-4DF5-80E2-B36C550717BF}.Release|Any CPU.ActiveCfg = Release|Any CPU
		{5F6D2544-3C7B-4DF5-80E2-B36C550717BF}.Release|Any CPU.Build.0 = Release|Any CPU
	EndGlobalSection
	GlobalSection(SolutionProperties) = preSolution
		HideSolutionNode = FALSE
	EndGlobalSection
	GlobalSection(ExtensibilityGlobals) = postSolution
		SolutionGuid = {73984ED1-09BF-4166-90DD-8C99FAA1B6CE}
	EndGlobalSection
EndGlobal
